
Microsoft Visual Studio Solution File, Format Version 12.00
# Visual Studio Version 16
VisualStudioVersion = 16.0.29519.181
MinimumVisualStudioVersion = 10.0.40219.1
Project("{FAE04EC0-301F-11D3-BF4B-00C04F79EFBC}") = "E_STUDIES", "E_STUDIES\E_STUDIES.csproj", "{ED3991DB-3CE8-4955-8114-B86BF6164F9E}"
EndProject
Global
	GlobalSection(SolutionConfigurationPlatforms) = preSolution
		Debug|Any CPU = Debug|Any CPU
		Release|Any CPU = Release|Any CPU
	EndGlobalSection
	GlobalSection(ProjectConfigurationPlatforms) = postSolution
		{ED3991DB-3CE8-4955-8114-B86BF6164F9E}.Debug|Any CPU.ActiveCfg = Debug|Any CPU
		{ED3991DB-3CE8-4955-8114-B86BF6164F9E}.Debug|Any CPU.Build.0 = Debug|Any CPU
		{ED3991DB-3CE8-4955-8114-B86BF6164F9E}.Release|Any CPU.ActiveCfg = Release|Any CPU
		{ED3991DB-3CE8-4955-8114-B86BF6164F9E}.Release|Any CPU.Build.0 = Release|Any CPU
	EndGlobalSection
	GlobalSection(SolutionProperties) = preSolution
		HideSolutionNode = FALSE
	EndGlobalSection
	GlobalSection(ExtensibilityGlobals) = postSolution
		SolutionGuid = {B3EF4AF5-8E20-4391-AD2F-01C27DF65CFC}
	EndGlobalSection
EndGlobal
